{
  "name": "dependabot_20250920-1779-nfjjtu",
  "lockfileVersion": 3,
  "requires": true,
  "packages": {
    "": {
      "dependencies": {
        "director": "^1.2.0",
        "todomvc-app-css": "^2.0.0",
        "todomvc-common": "^1.0.1",
        "vue": "^3.0.0",
        "vue-axios": "^2.1.4"
      }
    },
    "node_modules/@babel/helper-string-parser": {
      "version": "7.27.1",
      "resolved": "https://registry.npmjs.org/@babel/helper-string-parser/-/helper-string-parser-7.27.1.tgz",
      "integrity": "sha512-qMlSxKbpRlAridDExk92nSobyDdpPijUq2DW6oDnUqd0iOGxmQjyqhMIihI9+zv4LPyZdRje2cavWPbCbWm3eA==",
      "license": "MIT",
      "engines": {
        "node": ">=6.9.0"
      }
    },
    "node_modules/@babel/helper-validator-identifier": {
      "version": "7.27.1",
      "resolved": "https://registry.npmjs.org/@babel/helper-validator-identifier/-/helper-validator-identifier-7.27.1.tgz",
      "integrity": "sha512-D2hP9eA+Sqx1kBZgzxZh0y1trbuU+JoDkiEwqhQ36nodYqJwyEIhPSdMNd7lOm/4io72luTPWH20Yda0xOuUow==",
      "license": "MIT",
      "engines": {
        "node": ">=6.9.0"
      }
    },
    "node_modules/@babel/parser": {
      "version": "7.28.4",
      "resolved": "https://registry.npmjs.org/@babel/parser/-/parser-7.28.4.tgz",
      "integrity": "sha512-yZbBqeM6TkpP9du/I2pUZnJsRMGGvOuIrhjzC1AwHwW+6he4mni6Bp/m8ijn0iOuZuPI2BfkCoSRunpyjnrQKg==",
      "license": "MIT",
      "dependencies": {
        "@babel/types": "^7.28.4"
      },
      "bin": {
        "parser": "bin/babel-parser.js"
      },
      "engines": {
        "node": ">=6.0.0"
      }
    },
    "node_modules/@babel/types": {
      "version": "7.28.4",
      "resolved": "https://registry.npmjs.org/@babel/types/-/types-7.28.4.tgz",
      "integrity": "sha512-bkFqkLhh3pMBUQQkpVgWDWq/lqzc2678eUyDlTBhRqhCHFguYYGM0Efga7tYk4TogG/3x0EEl66/OQ+WGbWB/Q==",
      "license": "MIT",
      "dependencies": {
        "@babel/helper-string-parser": "^7.27.1",
        "@babel/helper-validator-identifier": "^7.27.1"
      },
      "engines": {
        "node": ">=6.9.0"
      }
    },
    "node_modules/@vue/compiler-core": {
      "version": "3.0.0",
      "resolved": "https://registry.npmjs.org/@vue/compiler-core/-/compiler-core-3.0.0.tgz",
      "integrity": "sha512-XqPC7vdv4rFE77S71oCHmT1K4Ks3WE2Gi6Lr4B5wn0Idmp+NyQQBUHsCNieMDRiEpgtJrw+yOHslrsV0AfAsfQ==",
      "license": "MIT",
      "dependencies": {
        "@babel/parser": "^7.11.5",
        "@babel/types": "^7.11.5",
        "@vue/shared": "3.0.0",
        "estree-walker": "^2.0.1",
        "source-map": "^0.6.1"
      }
    },
    "node_modules/@vue/compiler-dom": {
      "version": "3.0.0",
      "resolved": "https://registry.npmjs.org/@vue/compiler-dom/-/compiler-dom-3.0.0.tgz",
      "integrity": "sha512-ukDEGOP8P7lCPyStuM3F2iD5w2QPgUu2xwCW2XNeqPjFKIlR2xMsWjy4raI/cLjN6W16GtlMFaZdK8tLj5PRog==",
      "license": "MIT",
      "dependencies": {
        "@vue/compiler-core": "3.0.0",
        "@vue/shared": "3.0.0"
      }
    },
    "node_modules/@vue/reactivity": {
      "version": "3.0.0",
      "resolved": "https://registry.npmjs.org/@vue/reactivity/-/reactivity-3.0.0.tgz",
      "integrity": "sha512-mEGkztGQrAPZRhV7C6PorrpT3+NtuA4dY2QjMzzrW31noKhssWTajRZTwpLF39NBRrF5UU6cp9+1I0FfavMgEQ==",
      "license": "MIT",
      "dependencies": {
        "@vue/shared": "3.0.0"
      }
    },
    "node_modules/@vue/runtime-core": {
      "version": "3.0.0",
      "resolved": "https://registry.npmjs.org/@vue/runtime-core/-/runtime-core-3.0.0.tgz",
      "integrity": "sha512-3ABMLeA0ZbeVNLbGGLXr+pNUwqXILOqz8WCVGfDWwQb+jW114Cm8djOHVVDoqdvRETQvDf8yHSUmpKHZpQuTkA==",
      "license": "MIT",
      "dependencies": {
        "@vue/reactivity": "3.0.0",
        "@vue/shared": "3.0.0"
      }
    },
    "node_modules/@vue/runtime-dom": {
      "version": "3.0.0",
      "resolved": "https://registry.npmjs.org/@vue/runtime-dom/-/runtime-dom-3.0.0.tgz",
      "integrity": "sha512-f312n5w9gK6mVvkDSj6/Xnot1XjlKXzFBYybmoy6ahAVC8ExbQ+LOWti1IZM/adU8VMNdKaw7Q53Hxz3y5jX8g==",
      "license": "MIT",
      "dependencies": {
        "@vue/runtime-core": "3.0.0",
        "@vue/shared": "3.0.0",
        "csstype": "^2.6.8"
      }
    },
    "node_modules/@vue/shared": {
      "version": "3.0.0",
      "resolved": "https://registry.npmjs.org/@vue/shared/-/shared-3.0.0.tgz",
      "integrity": "sha512-4XWL/avABGxU2E2ZF1eZq3Tj7fvksCMssDZUHOykBIMmh5d+KcAnQMC5XHMhtnA0NAvktYsA2YpdsVwVmhWzvA==",
      "license": "MIT"
    },
    "node_modules/csstype": {
      "version": "2.6.21",
      "resolved": "https://registry.npmjs.org/csstype/-/csstype-2.6.21.tgz",
      "integrity": "sha512-Z1PhmomIfypOpoMjRQB70jfvy/wxT50qW08YXO5lMIJkrdq4yOTR+AW7FqutScmB9NkLwxo+jU+kZLbofZZq/w==",
      "license": "MIT"
    },
    "node_modules/director": {
      "version": "1.2.8",
      "resolved": "https://registry.npmjs.org/director/-/director-1.2.8.tgz",
      "integrity": "sha1-xtm03YkOmv9TZRg/6cyOc5lM8tU=",
      "engines": {
        "node": ">= 0.8.0"
      }
    },
    "node_modules/estree-walker": {
      "version": "2.0.2",
      "resolved": "https://registry.npmjs.org/estree-walker/-/estree-walker-2.0.2.tgz",
      "integrity": "sha512-Rfkk/Mp/DL7JVje3u18FxFujQlTNR2q6QfMSMB7AvCBx91NGj/ba3kCfza0f6dVDbw7YlRf/nDrn7pQrCCyQ/w==",
      "license": "MIT"
    },
    "node_modules/source-map": {
      "version": "0.6.1",
      "resolved": "https://registry.npmjs.org/source-map/-/source-map-0.6.1.tgz",
      "integrity": "sha512-UjgapumWlbMhkBgzT7Ykc5YXUT46F0iKu8SGXq0bcwP5dz/h0Plj6enJqjz1Zbq2l5WaqYnrVbwWOWMyF3F47g==",
      "license": "BSD-3-Clause",
      "engines": {
        "node": ">=0.10.0"
      }
    },
    "node_modules/todomvc-app-css": {
      "version": "2.2.0",
      "resolved": "https://registry.npmjs.org/todomvc-app-css/-/todomvc-app-css-2.2.0.tgz",
      "integrity": "sha512-H03oc3QOxiGXv+MqnotcduZIwoGX8A8QbSx9J4U2Z5R96LrK+dvQmRDTgeCc0nlkPBhd3nUL4EbfS7l0TccM5g=="
    },
    "node_modules/todomvc-common": {
      "version": "1.0.5",
      "resolved": "https://registry.npmjs.org/todomvc-common/-/todomvc-common-1.0.5.tgz",
      "integrity": "sha512-D8kEJmxVMQIWwztEdH+WeiAfXRbbSCpgXq4NkYi+gduJ2tr8CNq7sYLfJvjpQ10KD9QxJwig57rvMbV2QAESwQ=="
    },
    "node_modules/vue": {
      "version": "3.0.0",
      "resolved": "https://registry.npmjs.org/vue/-/vue-3.0.0.tgz",
      "integrity": "sha512-ZMrAARZ32sGIaYKr7Fk2GZEBh/VhulSrGxcGBiAvbN4fhjl3tuJyNFbbbLFqGjndbLoBW66I2ECq8ICdvkKdJw==",
      "license": "MIT",
      "dependencies": {
        "@vue/compiler-dom": "3.0.0",
        "@vue/runtime-dom": "3.0.0",
        "@vue/shared": "3.0.0"
      }
    },
    "node_modules/vue-axios": {
      "version": "2.1.4",
      "resolved": "https://registry.npmjs.org/vue-axios/-/vue-axios-2.1.4.tgz",
      "integrity": "sha512-DS8Q+WFT3i7nS0aZ/NMmTPf2yhbtlXhj4QEZmY69au/BshsGzGjC6dXaniZaPQlErP3J3Sv1HtQ4RVrXaUTkxA==",
      "peerDependencies": {
        "vue": ">= 1.0.0"
      }
    }
  }
}
